<?xml version="1.0" encoding="utf-8"?>
<Project ToolsVersion="4.0" xmlns="http://schemas.microsoft.com/developer/msbuild/2003">
  <ItemGroup>
    <Filter Include="源文件">
      <UniqueIdentifier>{4FC737F1-C7A5-4376-A066-2A32D752A2FF}</UniqueIdentifier>
      <Extensions>cpp;c;cc;cxx;c++;cppm;ixx;def;odl;idl;hpj;bat;asm;asmx</Extensions>
    </Filter>
    <Filter Include="头文件">
      <UniqueIdentifier>{93995380-89BD-4b04-88EB-625FBE52EBFB}</UniqueIdentifier>
      <Extensions>h;hh;hpp;hxx;h++;hm;inl;inc;ipp;xsd</Extensions>
    </Filter>
    <Filter Include="资源文件">
      <UniqueIdentifier>{67DA6AB6-F800-4c08-8B7A-83BB121AAD01}</UniqueIdentifier>
      <Extensions>rc;ico;cur;bmp;dlg;rc2;rct;bin;rgs;gif;jpg;jpeg;jpe;resx;tiff;tif;png;wav;mfcribbon-ms</Extensions>
    </Filter>
  </ItemGroup>
  <ItemGroup>
    <ClCompile Include="src\util\SimpleLoader.cpp">
      <Filter>源文件</Filter>
    </ClCompile>
    <ClCompile Include="src\front\fundamental\Timer.cpp">
      <Filter>源文件</Filter>
    </ClCompile>
    <ClCompile Include="src\main.cpp">
      <Filter>源文件</Filter>
    </ClCompile>
    <ClCompile Include="src\front\fundamental\D2DRenderer.cpp">
      <Filter>源文件</Filter>
    </ClCompile>
    <ClCompile Include="src\util\GetIns.cpp">
      <Filter>源文件</Filter>
    </ClCompile>
    <ClCompile Include="src\front\fundamental\AppFront.cpp">
      <Filter>源文件</Filter>
    </ClCompile>
    <ClCompile Include="src\front\arch\Component.cpp">
      <Filter>源文件</Filter>
    </ClCompile>
    <ClCompile Include="src\front\arch\GameObject.cpp">
      <Filter>源文件</Filter>
    </ClCompile>
    <ClCompile Include="src\front\arch\GraphicsComponent.cpp">
      <Filter>源文件</Filter>
    </ClCompile>
    <ClCompile Include="src\front\arch\CircleGraphics.cpp">
      <Filter>源文件</Filter>
    </ClCompile>
    <ClCompile Include="src\front\arch\ImgGraphics.cpp">
      <Filter>源文件</Filter>
    </ClCompile>
    <ClCompile Include="src\front\fundamental\Input.cpp">
      <Filter>源文件</Filter>
    </ClCompile>
    <ClCompile Include="src\front\arch\GameWndComponent.cpp">
      <Filter>源文件</Filter>
    </ClCompile>
    <ClCompile Include="src\front\game\ChessBoardWnd.cpp">
      <Filter>源文件</Filter>
    </ClCompile>
    <ClCompile Include="src\front\arch\AppGameObject.cpp">
      <Filter>源文件</Filter>
    </ClCompile>
    <ClCompile Include="src\front\game\GameMain.cpp">
      <Filter>源文件</Filter>
    </ClCompile>
    <ClCompile Include="src\front\game\TestObj.cpp">
      <Filter>源文件</Filter>
    </ClCompile>
    <ClCompile Include="src\front\game\ChessBoard.cpp">
      <Filter>源文件</Filter>
    </ClCompile>
    <ClCompile Include="src\front\arch\SysReg.cpp">
      <Filter>源文件</Filter>
    </ClCompile>
    <ClCompile Include="src\front\game\Piece.cpp">
      <Filter>源文件</Filter>
    </ClCompile>
    <ClCompile Include="src\front\game\PieceWnd.cpp">
      <Filter>源文件</Filter>
    </ClCompile>
    <ClCompile Include="src\back\RtChessBoard.cpp">
      <Filter>源文件</Filter>
    </ClCompile>
    <ClCompile Include="src\front\game\ChessBoardHNGraphics.cpp">
      <Filter>源文件</Filter>
    </ClCompile>
  </ItemGroup>
  <ItemGroup>
    <ClInclude Include="src\util\SimpleLoader.h">
      <Filter>头文件</Filter>
    </ClInclude>
    <ClInclude Include="src\front\fundamental\Timer.h">
      <Filter>头文件</Filter>
    </ClInclude>
    <ClInclude Include="src\front\fundamental\D2DRenderer.h">
      <Filter>头文件</Filter>
    </ClInclude>
    <ClInclude Include="src\util\GetIns.h">
      <Filter>头文件</Filter>
    </ClInclude>
    <ClInclude Include="src\front\fundamental\AppFront.h">
      <Filter>头文件</Filter>
    </ClInclude>
    <ClInclude Include="src\front\arch\Component.h">
      <Filter>头文件</Filter>
    </ClInclude>
    <ClInclude Include="src\front\arch\GameObject.h">
      <Filter>头文件</Filter>
    </ClInclude>
    <ClInclude Include="src\front\arch\GraphicsComponent.h">
      <Filter>头文件</Filter>
    </ClInclude>
    <ClInclude Include="src\front\arch\CircleGraphics.h">
      <Filter>头文件</Filter>
    </ClInclude>
    <ClInclude Include="src\front\arch\ImgGraphics.h">
      <Filter>头文件</Filter>
    </ClInclude>
    <ClInclude Include="src\util\SimpleRelease.h">
      <Filter>头文件</Filter>
    </ClInclude>
    <ClInclude Include="src\front\fundamental\Input.h">
      <Filter>头文件</Filter>
    </ClInclude>
    <ClInclude Include="src\front\arch\GameWndComponent.h">
      <Filter>头文件</Filter>
    </ClInclude>
    <ClInclude Include="src\front\game\ChessBoardWnd.h">
      <Filter>头文件</Filter>
    </ClInclude>
    <ClInclude Include="src\front\arch\AppGameObject.h">
      <Filter>头文件</Filter>
    </ClInclude>
    <ClInclude Include="src\front\game\GameMain.h">
      <Filter>头文件</Filter>
    </ClInclude>
    <ClInclude Include="src\front\game\TestObj.h">
      <Filter>头文件</Filter>
    </ClInclude>
    <ClInclude Include="src\front\game\ChessBoard.h">
      <Filter>头文件</Filter>
    </ClInclude>
    <ClInclude Include="src\front\arch\SysReg.h">
      <Filter>头文件</Filter>
    </ClInclude>
    <ClInclude Include="src\front\game\Piece.h">
      <Filter>头文件</Filter>
    </ClInclude>
    <ClInclude Include="src\front\game\PieceWnd.h">
      <Filter>头文件</Filter>
    </ClInclude>
    <ClInclude Include="src\back\RtChessboard.h">
      <Filter>头文件</Filter>
    </ClInclude>
    <ClInclude Include="src\back\RtPiece.h">
      <Filter>头文件</Filter>
    </ClInclude>
    <ClInclude Include="src\front\game\ChessBoardHNGraphics.h">
      <Filter>头文件</Filter>
    </ClInclude>
  </ItemGroup>
</Project>